
Microsoft Visual Studio Solution File, Format Version 12.00
# Visual Studio Version 16
VisualStudioVersion = 16.0.29709.97
MinimumVisualStudioVersion = 10.0.40219.1
Project("{FAE04EC0-301F-11D3-BF4B-00C04F79EFBC}") = "ffapplication.EntityFramework", "ffapplication.EntityFramework\ffapplication.EntityFramework.csproj", "{7063A5F1-150B-4950-B623-283D01940513}"
EndProject
Project("{FAE04EC0-301F-11D3-BF4B-00C04F79EFBC}") = "ffapplication.Domain", "ffapplication.Domain\ffapplication.Domain.csproj", "{4029D2D4-8FF4-41FE-A9B6-61396A1164FB}"
EndProject
Global
	GlobalSection(SolutionConfigurationPlatforms) = preSolution
		Debug|Any CPU = Debug|Any CPU
		Release|Any CPU = Release|Any CPU
	EndGlobalSection
	GlobalSection(ProjectConfigurationPlatforms) = postSolution
		{7063A5F1-150B-4950-B623-283D01940513}.Debug|Any CPU.ActiveCfg = Debug|Any CPU
		{7063A5F1-150B-4950-B623-283D01940513}.Debug|Any CPU.Build.0 = Debug|Any CPU
		{7063A5F1-150B-4950-B623-283D01940513}.Release|Any CPU.ActiveCfg = Release|Any CPU
		{7063A5F1-150B-4950-B623-283D01940513}.Release|Any CPU.Build.0 = Release|Any CPU
		{4029D2D4-8FF4-41FE-A9B6-61396A1164FB}.Debug|Any CPU.ActiveCfg = Debug|Any CPU
		{4029D2D4-8FF4-41FE-A9B6-61396A1164FB}.Debug|Any CPU.Build.0 = Debug|Any CPU
		{4029D2D4-8FF4-41FE-A9B6-61396A1164FB}.Release|Any CPU.ActiveCfg = Release|Any CPU
		{4029D2D4-8FF4-41FE-A9B6-61396A1164FB}.Release|Any CPU.Build.0 = Release|Any CPU
	EndGlobalSection
	GlobalSection(SolutionProperties) = preSolution
		HideSolutionNode = FALSE
	EndGlobalSection
	GlobalSection(ExtensibilityGlobals) = postSolution
		SolutionGuid = {99D77298-4D58-428F-BEBB-E360742413DD}
	EndGlobalSection
EndGlobal
